{
  "nodes": {
    "devshell": {
      "locked": {
        "lastModified": 1600118417,
        "narHash": "sha256-N5E4Ru3mByPSoE5FM4jalQN0c11Pr+8iiRmC1iUEQ3w=",
        "owner": "numtide",
        "repo": "devshell",
        "rev": "42c9bf05e732c90b24ed8b6a5e0c1bda3920ff5a",
        "type": "github"
      },
      "original": {
        "owner": "numtide",
        "repo": "devshell",
        "type": "github"
      }
    },
    "flake-utils": {
      "locked": {
        "lastModified": 1598466101,
        "narHash": "sha256-JPhv+Ay98KMWRVRFlLEK9+eLpvNjhTBGWdFKZsE97ck=",
        "owner": "numtide",
        "repo": "flake-utils",
        "rev": "a586a6b966d59f53f45a04f8891fbc017dc09dbe",
        "type": "github"
      },
      "original": {
        "owner": "numtide",
        "repo": "flake-utils",
        "type": "github"
      }
    },
    "mozilla-overlay": {
      "flake": false,
      "locked": {
        "lastModified": 1594829078,
        "narHash": "sha256-yRCkO499a5gucHmxgWb/QDqPt/UBTbuPURuPZ9DLmIc=",
        "owner": "mozilla",
        "repo": "nixpkgs-mozilla",
        "rev": "efda5b357451dbb0431f983cca679ae3cd9b9829",
        "type": "github"
      },
      "original": {
        "owner": "mozilla",
        "repo": "nixpkgs-mozilla",
        "type": "github"
      }
    },
    "nixpkgs": {
      "locked": {
        "lastModified": 1600151119,
        "narHash": "sha256-AnpdrbJxMaTefdGmCJUgDzRjS+YLC3DrFmp1zYCQw+0=",
        "owner": "NixOS",
        "repo": "nixpkgs",
        "rev": "c15bcdd91f1272968ec6903fe49905ade8dd93ee",
        "type": "github"
      },
      "original": {
        "id": "nixpkgs",
        "type": "indirect"
      }
    },
    "root": {
      "inputs": {
        "devshell": "devshell",
        "flake-utils": "flake-utils",
        "mozilla-overlay": "mozilla-overlay",
        "nixpkgs": "nixpkgs"
      }
    }
  },
  "root": "root",
  "version": 7
}
